
Microsoft Visual Studio Solution File, Format Version 12.00
# Visual Studio Version 16
VisualStudioVersion = 16.0.29215.179
MinimumVisualStudioVersion = 10.0.40219.1
Project("{9A19103F-16F7-4668-BE54-9A1E7A4F7556}") = "TrackerLibrary", "TrackerLibrary\TrackerLibrary.csproj", "{192D3BCF-0563-4303-BA75-A6E6F10C8209}"
EndProject
Project("{FAE04EC0-301F-11D3-BF4B-00C04F79EFBC}") = "TrackerUI", "TrackerUI\TrackerUI.csproj", "{65EB21BB-71EA-4254-B41A-81140C820D64}"
EndProject
Global
	GlobalSection(SolutionConfigurationPlatforms) = preSolution
		Debug|Any CPU = Debug|Any CPU
		Release|Any CPU = Release|Any CPU
	EndGlobalSection
	GlobalSection(ProjectConfigurationPlatforms) = postSolution
		{192D3BCF-0563-4303-BA75-A6E6F10C8209}.Debug|Any CPU.ActiveCfg = Debug|Any CPU
		{192D3BCF-0563-4303-BA75-A6E6F10C8209}.Debug|Any CPU.Build.0 = Debug|Any CPU
		{192D3BCF-0563-4303-BA75-A6E6F10C8209}.Release|Any CPU.ActiveCfg = Release|Any CPU
		{192D3BCF-0563-4303-BA75-A6E6F10C8209}.Release|Any CPU.Build.0 = Release|Any CPU
		{65EB21BB-71EA-4254-B41A-81140C820D64}.Debug|Any CPU.ActiveCfg = Debug|Any CPU
		{65EB21BB-71EA-4254-B41A-81140C820D64}.Debug|Any CPU.Build.0 = Debug|Any CPU
		{65EB21BB-71EA-4254-B41A-81140C820D64}.Release|Any CPU.ActiveCfg = Release|Any CPU
		{65EB21BB-71EA-4254-B41A-81140C820D64}.Release|Any CPU.Build.0 = Release|Any CPU
	EndGlobalSection
	GlobalSection(SolutionProperties) = preSolution
		HideSolutionNode = FALSE
	EndGlobalSection
	GlobalSection(ExtensibilityGlobals) = postSolution
		SolutionGuid = {CF0B528D-4179-41E0-B0FF-FBCEC6DB2D87}
	EndGlobalSection
EndGlobal
